
Microsoft Visual Studio Solution File, Format Version 12.00
# Visual Studio Version 17
VisualStudioVersion = 17.4.33006.217
MinimumVisualStudioVersion = 10.0.40219.1
Project("{FAE04EC0-301F-11D3-BF4B-00C04F79EFBC}") = "FunctionApp1", "FunctionApp1.csproj", "{76B56614-B16A-4BC0-8441-ED478A0C1897}"
EndProject
Global
	GlobalSection(SolutionConfigurationPlatforms) = preSolution
		Debug|Any CPU = Debug|Any CPU
		Release|Any CPU = Release|Any CPU
	EndGlobalSection
	GlobalSection(ProjectConfigurationPlatforms) = postSolution
		{76B56614-B16A-4BC0-8441-ED478A0C1897}.Debug|Any CPU.ActiveCfg = Debug|Any CPU
		{76B56614-B16A-4BC0-8441-ED478A0C1897}.Debug|Any CPU.Build.0 = Debug|Any CPU
		{76B56614-B16A-4BC0-8441-ED478A0C1897}.Release|Any CPU.ActiveCfg = Release|Any CPU
		{76B56614-B16A-4BC0-8441-ED478A0C1897}.Release|Any CPU.Build.0 = Release|Any CPU
	EndGlobalSection
	GlobalSection(SolutionProperties) = preSolution
		HideSolutionNode = FALSE
	EndGlobalSection
	GlobalSection(ExtensibilityGlobals) = postSolution
		SolutionGuid = {589545FF-D9BA-4D83-9898-F154C1DAD90F}
	EndGlobalSection
EndGlobal
